
Microsoft Visual Studio Solution File, Format Version 12.00
# Visual Studio Version 16
VisualStudioVersion = 16.0.29519.181
MinimumVisualStudioVersion = 10.0.40219.1
Project("{FAE04EC0-301F-11D3-BF4B-00C04F79EFBC}") = "test-repository", "test-repository\test-repository.csproj", "{BD59F7EB-3157-4B9D-AD1C-E6347530D678}"
EndProject
Global
	GlobalSection(SolutionConfigurationPlatforms) = preSolution
		Debug|Any CPU = Debug|Any CPU
		Release|Any CPU = Release|Any CPU
	EndGlobalSection
	GlobalSection(ProjectConfigurationPlatforms) = postSolution
		{BD59F7EB-3157-4B9D-AD1C-E6347530D678}.Debug|Any CPU.ActiveCfg = Debug|Any CPU
		{BD59F7EB-3157-4B9D-AD1C-E6347530D678}.Debug|Any CPU.Build.0 = Debug|Any CPU
		{BD59F7EB-3157-4B9D-AD1C-E6347530D678}.Release|Any CPU.ActiveCfg = Release|Any CPU
		{BD59F7EB-3157-4B9D-AD1C-E6347530D678}.Release|Any CPU.Build.0 = Release|Any CPU
	EndGlobalSection
	GlobalSection(SolutionProperties) = preSolution
		HideSolutionNode = FALSE
	EndGlobalSection
	GlobalSection(ExtensibilityGlobals) = postSolution
		SolutionGuid = {67EE7104-6B36-42D0-A414-FAFEBD7ADA33}
	EndGlobalSection
EndGlobal
